// !$*UTF8*$!
{
	archiveVersion = 1;
	classes = {
	};
	objectVersion = 46;
	objects = {

/* Begin PBXBuildFile section */
		02F71BD11C16CCDF004C046A /* main.m in Sources */ = {isa = PBXBuildFile; fileRef = 02F71BD01C16CCDF004C046A /* main.m */; };
		02F71BD91C16CDAE004C046A /* CZPerson.m in Sources */ = {isa = PBXBuildFile; fileRef = 02F71BD81C16CDAE004C046A /* CZPerson.m */; };
/* End PBXBuildFile section */

/* Begin PBXCopyFilesBuildPhase section */
		02F71BCB1C16CCDF004C046A /* CopyFiles */ = {
			isa = PBXCopyFilesBuildPhase;
			buildActionMask = 2147483647;
			dstPath = /usr/share/man/man1/;
			dstSubfolderSpec = 0;
			files = (
			);
			runOnlyForDeploymentPostprocessing = 1;
		};
/* End PBXCopyFilesBuildPhase section */

/* Begin PBXFileReference section */
		02F71BCD1C16CCDF004C046A /* 自动释放池 */ = {isa = PBXFileReference; explicitFileType = "compiled.mach-o.executable"; includeInIndex = 0; path = "自动释放池"; sourceTree = BUILT_PRODUCTS_DIR; };
		02F71BD01C16CCDF004C046A /* main.m */ = {isa = PBXFileReference; lastKnownFileType = sourcecode.c.objc; path = main.m; sourceTree = "<group>"; };
		02F71BD71C16CDAE004C046A /* CZPerson.h */ = {isa = PBXFileReference; fileEncoding = 4; lastKnownFileType = sourcecode.c.h; path = CZPerson.h; sourceTree = "<group>"; };
		02F71BD81C16CDAE004C046A /* CZPerson.m */ = {isa = PBXFileReference; fileEncoding = 4; lastKnownFileType = sourcecode.c.objc; path = CZPerson.m; sourceTree = "<group>"; };
/* End PBXFileReference section */

/* Begin PBXFrameworksBuildPhase section */
		02F71BCA1C16CCDF004C046A /* Frameworks */ = {
			isa = PBXFrameworksBuildPhase;
			buildActionMask = 2147483647;
			files = (
			);
			runOnlyForDeploymentPostprocessing = 0;
		};
/* End PBXFrameworksBuildPhase section */

/* Begin PBXGroup section */
		02F71BC41C16CCDF004C046A = {
			isa = PBXGroup;
			children = (
				02F71BCF1C16CCDF004C046A /* 自动释放池 */,
				02F71BCE1C16CCDF004C046A /* Products */,
			);
			sourceTree = "<group>";
		};
		02F71BCE1C16CCDF004C046A /* Products */ = {
			isa = PBXGroup;
			children = (
				02F71BCD1C16CCDF004C046A /* 自动释放池 */,
			);
			name = Products;
			sourceTree = "<group>";
		};
		02F71BCF1C16CCDF004C046A /* 自动释放池 */ = {
			isa = PBXGroup;
			children = (
				02F71BD01C16CCDF004C046A /* main.m */,
				02F71BD71C16CDAE004C046A /* CZPerson.h */,
				02F71BD81C16CDAE004C046A /* CZPerson.m */,
			);
			path = "自动释放池";
			sourceTree = "<group>";
		};
/* End PBXGroup section */

/* Begin PBXNativeTarget section */
		02F71BCC1C16CCDF004C046A /* 自动释放池 */ = {
			isa = PBXNativeTarget;
			buildConfigurationList = 02F71BD41C16CCDF004C046A /* Build configuration list for PBXNativeTarget "自动释放池" */;
			buildPhases = (
				02F71BC91C16CCDF004C046A /* Sources */,
				02F71BCA1C16CCDF004C046A /* Frameworks */,
				02F71BCB1C16CCDF004C046A /* CopyFiles */,
			);
			buildRules = (
			);
			dependencies = (
			);
			name = "自动释放池";
			productName = "自动释放池";
			productReference = 02F71BCD1C16CCDF004C046A /* 自动释放池 */;
			productType = "com.apple.product-type.tool";
		};
/* End PBXNativeTarget section */

/* Begin PBXProject section */
		02F71BC51C16CCDF004C046A /* Project object */ = {
			isa = PBXProject;
			attributes = {
				LastUpgradeCheck = 0700;
				ORGANIZATIONNAME = Miles;
				TargetAttributes = {
					02F71BCC1C16CCDF004C046A = {
						CreatedOnToolsVersion = 7.0;
					};
				};
			};
			buildConfigurationList = 02F71BC81C16CCDF004C046A /* Build configuration list for PBXProject "自动释放池" */;
			compatibilityVersion = "Xcode 3.2";
			developmentRegion = English;
			hasScannedForEncodings = 0;
			knownRegions = (
				en,
			);
			mainGroup = 02F71BC41C16CCDF004C046A;
			productRefGroup = 02F71BCE1C16CCDF004C046A /* Products */;
			projectDirPath = "";
			projectRoot = "";
			targets = (
				02F71BCC1C16CCDF004C046A /* 自动释放池 */,
			);
		};
/* End PBXProject section */

/* Begin PBXSourcesBuildPhase section */
		02F71BC91C16CCDF004C046A /* Sources */ = {
			isa = PBXSourcesBuildPhase;
			buildActionMask = 2147483647;
			files = (
				02F71BD11C16CCDF004C046A /* main.m in Sources */,
				02F71BD91C16CDAE004C046A /* CZPerson.m in Sources */,
			);
			runOnlyForDeploymentPostprocessing = 0;
		};
/* End PBXSourcesBuildPhase section */

/* Begin XCBuildConfiguration section */
		02F71BD21C16CCDF004C046A /* Debug */ = {
			isa = XCBuildConfiguration;
			buildSettings = {
				ALWAYS_SEARCH_USER_PATHS = NO;
				CLANG_CXX_LANGUAGE_STANDARD = "gnu++0x";
				CLANG_CXX_LIBRARY = "libc++";
				CLANG_ENABLE_MODULES = YES;
				CLANG_ENABLE_OBJC_ARC = YES;
				CLANG_WARN_BOOL_CONVERSION = YES;
				CLANG_WARN_CONSTANT_CONVERSION = YES;
				CLANG_WARN_DIRECT_OBJC_ISA_USAGE = YES_ERROR;
				CLANG_WARN_EMPTY_BODY = YES;
				CLANG_WARN_ENUM_CONVERSION = YES;
				CLANG_WARN_INT_CONVERSION = YES;
				CLANG_WARN_OBJC_ROOT_CLASS = YES_ERROR;
				CLANG_WARN_UNREACHABLE_CODE = YES;
				CLANG_WARN__DUPLICATE_METHOD_MATCH = YES;
				COPY_PHASE_STRIP = NO;
				DEBUG_INFORMATION_FORMAT = dwarf;
				ENABLE_STRICT_OBJC_MSGSEND = YES;
				ENABLE_TESTABILITY = YES;
				GCC_C_LANGUAGE_STANDARD = gnu99;
				GCC_DYNAMIC_NO_PIC = NO;
				GCC_NO_COMMON_BLOCKS = YES;
				GCC_OPTIMIZATION_LEVEL = 0;
				GCC_PREPROCESSOR_DEFINITIONS = (
					"DEBUG=1",
					"$(inherited)",
				);
				GCC_WARN_64_TO_32_BIT_CONVERSION = YES;
				GCC_WARN_ABOUT_RETURN_TYPE = YES_ERROR;
				GCC_WARN_UNDECLARED_SELECTOR = YES;
				GCC_WARN_UNINITIALIZED_AUTOS = YES_AGGRESSIVE;
				GCC_WARN_UNUSED_FUNCTION = YES;
				GCC_WARN_UNUSED_VARIABLE = YES;
				MACOSX_DEPLOYMENT_TARGET = 10.10;
				MTL_ENABLE_DEBUG_INFO = YES;
				ONLY_ACTIVE_ARCH = YES;
				SDKROOT = macosx;
			};
			name = Debug;
		};
		02F71BD31C16CCDF004C046A /* Release */ = {
			isa = XCBuildConfiguration;
			buildSettings = {
				ALWAYS_SEARCH_USER_PATHS = NO;
				CLANG_CXX_LANGUAGE_STANDARD = "gnu++0x";
				CLANG_CXX_LIBRARY = "libc++";
				CLANG_ENABLE_MODULES = YES;
				CLANG_ENABLE_OBJC_ARC = YES;
				CLANG_WARN_BOOL_CONVERSION = YES;
				CLANG_WARN_CONSTANT_CONVERSION = YES;
				CLANG_WARN_DIRECT_OBJC_ISA_USAGE = YES_ERROR;
				CLANG_WARN_EMPTY_BODY = YES;
				CLANG_WARN_ENUM_CONVERSION = YES;
				CLANG_WARN_INT_CONVERSION = YES;
				CLANG_WARN_OBJC_ROOT_CLASS = YES_ERROR;
				CLANG_WARN_UNREACHABLE_CODE = YES;
				CLANG_WARN__DUPLICATE_METHOD_MATCH = YES;
				COPY_PHASE_STRIP = NO;
				DEBUG_INFORMATION_FORMAT = "dwarf-with-dsym";
				ENABLE_NS_ASSERTIONS = NO;
				ENABLE_STRICT_OBJC_MSGSEND = YES;
				GCC_C_LANGUAGE_STANDARD = gnu99;
				GCC_NO_COMMON_BLOCKS = YES;
				GCC_WARN_64_TO_32_BIT_CONVERSION = YES;
				GCC_WARN_ABOUT_RETURN_TYPE = YES_ERROR;
				GCC_WARN_UNDECLARED_SELECTOR = YES;
				GCC_WARN_UNINITIALIZED_AUTOS = YES_AGGRESSIVE;
				GCC_WARN_UNUSED_FUNCTION = YES;
				GCC_WARN_UNUSED_VARIABLE = YES;
				MACOSX_DEPLOYMENT_TARGET = 10.10;
				MTL_ENABLE_DEBUG_INFO = NO;
				SDKROOT = macosx;
			};
			name = Release;
		};
		02F71BD51C16CCDF004C046A /* Debug */ = {
			isa = XCBuildConfiguration;
			buildSettings = {
				CLANG_ENABLE_OBJC_ARC = NO;
				PRODUCT_NAME = "$(TARGET_NAME)";
			};
			name = Debug;
		};
		02F71BD61C16CCDF004C046A /* Release */ = {
			isa = XCBuildConfiguration;
			buildSettings = {
				CLANG_ENABLE_OBJC_ARC = NO;
				PRODUCT_NAME = "$(TARGET_NAME)";
			};
			name = Release;
		};
/* End XCBuildConfiguration section */

/* Begin XCConfigurationList section */
		02F71BC81C16CCDF004C046A /* Build configuration list for PBXProject "自动释放池" */ = {
			isa = XCConfigurationList;
			buildConfigurations = (
				02F71BD21C16CCDF004C046A /* Debug */,
				02F71BD31C16CCDF004C046A /* Release */,
			);
			defaultConfigurationIsVisible = 0;
			defaultConfigurationName = Release;
		};
		02F71BD41C16CCDF004C046A /* Build configuration list for PBXNativeTarget "自动释放池" */ = {
			isa = XCConfigurationList;
			buildConfigurations = (
				02F71BD51C16CCDF004C046A /* Debug */,
				02F71BD61C16CCDF004C046A /* Release */,
			);
			defaultConfigurationIsVisible = 0;
		};
/* End XCConfigurationList section */
	};
	rootObject = 02F71BC51C16CCDF004C046A /* Project object */;
}
